
Microsoft Visual Studio Solution File, Format Version 12.00
# Visual Studio 15
VisualStudioVersion = 15.0.28307.852
MinimumVisualStudioVersion = 10.0.40219.1
Project("{FAE04EC0-301F-11D3-BF4B-00C04F79EFBC}") = "Triangle", "Triangle\Triangle.csproj", "{985C23D1-5E34-48FA-86FD-A5F8E5CD5826}"
EndProject
Project("{FAE04EC0-301F-11D3-BF4B-00C04F79EFBC}") = "Triangle.Tests", "Triangle.Tests\Triangle.Tests.csproj", "{14B43478-AC29-4B4E-934C-00B3F71CE581}"
EndProject
Global
	GlobalSection(SolutionConfigurationPlatforms) = preSolution
		Debug|Any CPU = Debug|Any CPU
		Release|Any CPU = Release|Any CPU
	EndGlobalSection
	GlobalSection(ProjectConfigurationPlatforms) = postSolution
		{985C23D1-5E34-48FA-86FD-A5F8E5CD5826}.Debug|Any CPU.ActiveCfg = Debug|Any CPU
		{985C23D1-5E34-48FA-86FD-A5F8E5CD5826}.Debug|Any CPU.Build.0 = Debug|Any CPU
		{985C23D1-5E34-48FA-86FD-A5F8E5CD5826}.Release|Any CPU.ActiveCfg = Release|Any CPU
		{985C23D1-5E34-48FA-86FD-A5F8E5CD5826}.Release|Any CPU.Build.0 = Release|Any CPU
		{14B43478-AC29-4B4E-934C-00B3F71CE581}.Debug|Any CPU.ActiveCfg = Debug|Any CPU
		{14B43478-AC29-4B4E-934C-00B3F71CE581}.Debug|Any CPU.Build.0 = Debug|Any CPU
		{14B43478-AC29-4B4E-934C-00B3F71CE581}.Release|Any CPU.ActiveCfg = Release|Any CPU
		{14B43478-AC29-4B4E-934C-00B3F71CE581}.Release|Any CPU.Build.0 = Release|Any CPU
	EndGlobalSection
	GlobalSection(SolutionProperties) = preSolution
		HideSolutionNode = FALSE
	EndGlobalSection
	GlobalSection(ExtensibilityGlobals) = postSolution
		SolutionGuid = {E54EE855-8B18-4313-A194-7B106C326171}
	EndGlobalSection
EndGlobal
